// !$*UTF8*$!
{
	archiveVersion = 1;
	classes = {
	};
	objectVersion = 51;
	objects = {

/* Begin PBXBuildFile section */
		1BC1A9A4E6EBE971253D8776 /* KeyboarInputDetector_macOS.framework in Embed Frameworks */ = {isa = PBXBuildFile; fileRef = D8BC21ABE75EA3D4F14FD211 /* KeyboarInputDetector_macOS.framework */; settings = {ATTRIBUTES = (CodeSignOnCopy, RemoveHeadersOnCopy, ); }; };
		1E16235ED0E9053E39A196C0 /* KeyboarInputDetector.swift in Sources */ = {isa = PBXBuildFile; fileRef = 658718E7114F0EB451EA6A72 /* KeyboarInputDetector.swift */; };
		23E7B0A00E92733BA372BA41 /* KeyboarInputDetector.swift in Sources */ = {isa = PBXBuildFile; fileRef = 658718E7114F0EB451EA6A72 /* KeyboarInputDetector.swift */; };
		24BB67E70BE28C67596F49C5 /* NativePlugin.h in Headers */ = {isa = PBXBuildFile; fileRef = 8E7E0CC82E39E73F50DB4565 /* NativePlugin.h */; settings = {ATTRIBUTES = (Public, ); }; };
		2A669BF3E638B30BDDF5781E /* Main.storyboard in Resources */ = {isa = PBXBuildFile; fileRef = E81BDE0CE490A3D589B9D173 /* Main.storyboard */; };
		2A9DE4A353E479A7D5DD80C2 /* AddOne.swift in Sources */ = {isa = PBXBuildFile; fileRef = 90150590EA426B41F1DE7979 /* AddOne.swift */; };
		30D30B62C4A7027AFFB2F0AA /* KeyboarInputDetector.framework in Frameworks */ = {isa = PBXBuildFile; fileRef = 9BAD2738BE43C7C8AE3BE601 /* KeyboarInputDetector.framework */; };
		566A8ECC14E9F90B856191E2 /* LaunchScreen.storyboard in Resources */ = {isa = PBXBuildFile; fileRef = 81A66820E70005BCCC9E8E4C /* LaunchScreen.storyboard */; };
		61963A41333BD5556126ADD1 /* AddOne.swift in Sources */ = {isa = PBXBuildFile; fileRef = 90150590EA426B41F1DE7979 /* AddOne.swift */; };
		66DE2E7CC9009E819E4AD223 /* Assets.xcassets in Resources */ = {isa = PBXBuildFile; fileRef = 1787FBBA770D9CAADC9BFBED /* Assets.xcassets */; };
		69E1B21AFFFEAAADFBCEC55B /* KeyboarInputDetectorViewController.swift in Sources */ = {isa = PBXBuildFile; fileRef = 673FA29D8AF79627F55A93CB /* KeyboarInputDetectorViewController.swift */; };
		74B26A3AA3DDDF8415649C03 /* Main.storyboard in Resources */ = {isa = PBXBuildFile; fileRef = A565CB139136D9C47027549C /* Main.storyboard */; };
		80809A70EBDC77926EB476E0 /* ViewController.swift in Sources */ = {isa = PBXBuildFile; fileRef = E72EDF2C7E6DBC78BC330D28 /* ViewController.swift */; };
		85FEF58612DD1D66B0C6A6FD /* NativePlugin.h in Headers */ = {isa = PBXBuildFile; fileRef = 8E7E0CC82E39E73F50DB4565 /* NativePlugin.h */; settings = {ATTRIBUTES = (Public, ); }; };
		8CFE7FC4A33524549E963B30 /* KeyboarInputDetectorViewController.swift in Sources */ = {isa = PBXBuildFile; fileRef = 673FA29D8AF79627F55A93CB /* KeyboarInputDetectorViewController.swift */; };
		8E6A3D65089C6AEF366B2505 /* KeyboarInputDetector.framework in Embed Frameworks */ = {isa = PBXBuildFile; fileRef = 9BAD2738BE43C7C8AE3BE601 /* KeyboarInputDetector.framework */; settings = {ATTRIBUTES = (CodeSignOnCopy, RemoveHeadersOnCopy, ); }; };
		99A77336A8214E78F4F8579C /* AppDelegate.swift in Sources */ = {isa = PBXBuildFile; fileRef = 452D422C83C1C2C130CBD5DA /* AppDelegate.swift */; };
		AFED9A51E8369018163582BF /* NativePlugin.mm in Sources */ = {isa = PBXBuildFile; fileRef = F77447C0745D6CBF2F3CF1D9 /* NativePlugin.mm */; };
		B0B18DF581158E648FD36634 /* AppDelegate.swift in Sources */ = {isa = PBXBuildFile; fileRef = 4A8B10F869947A97BBB58CDC /* AppDelegate.swift */; };
		BD00E9D667FBE6A1E63595BB /* NativePlugin.mm in Sources */ = {isa = PBXBuildFile; fileRef = F77447C0745D6CBF2F3CF1D9 /* NativePlugin.mm */; };
		C86449214297850199BBCA30 /* AddOne.swift in Sources */ = {isa = PBXBuildFile; fileRef = 90150590EA426B41F1DE7979 /* AddOne.swift */; };
		CD9FD5E5F66C2C83CB3F4F2B /* KeyboarInputDetector.swift in Sources */ = {isa = PBXBuildFile; fileRef = 658718E7114F0EB451EA6A72 /* KeyboarInputDetector.swift */; };
		D8559B406830F1C18D91AF03 /* KeyboarInputDetector_macOS.framework in Frameworks */ = {isa = PBXBuildFile; fileRef = D8BC21ABE75EA3D4F14FD211 /* KeyboarInputDetector_macOS.framework */; };
		D92DBF748E258B4D45F81CB9 /* Assets.xcassets in Resources */ = {isa = PBXBuildFile; fileRef = 021DCA435D110D2B788F8FB5 /* Assets.xcassets */; };
		DBA45604CD344B3E3271B2AA /* ViewController.swift in Sources */ = {isa = PBXBuildFile; fileRef = 713645BD556CCF3BE3E4425E /* ViewController.swift */; };
		DF052660AB32966135F9FDC9 /* SceneDelegate.swift in Sources */ = {isa = PBXBuildFile; fileRef = 0E7BA3875E2226FE4A98BEB3 /* SceneDelegate.swift */; };
		F7C922A5703595DA7F5D69F2 /* KeyboarInputDetectorViewController.swift in Sources */ = {isa = PBXBuildFile; fileRef = 673FA29D8AF79627F55A93CB /* KeyboarInputDetectorViewController.swift */; };
		F8B0534342E8469F6BBF3285 /* NativePlugin.mm in Sources */ = {isa = PBXBuildFile; fileRef = F77447C0745D6CBF2F3CF1D9 /* NativePlugin.mm */; };
/* End PBXBuildFile section */

/* Begin PBXContainerItemProxy section */
		8E80B46DA8C3F769EFEDF043 /* PBXContainerItemProxy */ = {
			isa = PBXContainerItemProxy;
			containerPortal = 764A7D3AABE619585451E2E7 /* Project object */;
			proxyType = 1;
			remoteGlobalIDString = E84BCD7E7D4524137F988DC0;
			remoteInfo = KeyboarInputDetector;
		};
		F066464D2AFFCD747BE86240 /* PBXContainerItemProxy */ = {
			isa = PBXContainerItemProxy;
			containerPortal = 764A7D3AABE619585451E2E7 /* Project object */;
			proxyType = 1;
			remoteGlobalIDString = 556BA2FADBC70F3F414B13E6;
			remoteInfo = KeyboarInputDetector_macOS;
		};
/* End PBXContainerItemProxy section */

/* Begin PBXCopyFilesBuildPhase section */
		677DA038FF622F652E831B5F /* Embed Frameworks */ = {
			isa = PBXCopyFilesBuildPhase;
			buildActionMask = 2147483647;
			dstPath = "";
			dstSubfolderSpec = 10;
			files = (
				1BC1A9A4E6EBE971253D8776 /* KeyboarInputDetector_macOS.framework in Embed Frameworks */,
			);
			name = "Embed Frameworks";
			runOnlyForDeploymentPostprocessing = 0;
		};
		698DAA22A2DA5D573F772B0A /* Embed Frameworks */ = {
			isa = PBXCopyFilesBuildPhase;
			buildActionMask = 2147483647;
			dstPath = "";
			dstSubfolderSpec = 10;
			files = (
				8E6A3D65089C6AEF366B2505 /* KeyboarInputDetector.framework in Embed Frameworks */,
			);
			name = "Embed Frameworks";
			runOnlyForDeploymentPostprocessing = 0;
		};
/* End PBXCopyFilesBuildPhase section */

/* Begin PBXFileReference section */
		021DCA435D110D2B788F8FB5 /* Assets.xcassets */ = {isa = PBXFileReference; lastKnownFileType = folder.assetcatalog; path = Assets.xcassets; sourceTree = "<group>"; };
		067A19D1C1D12209980A736B /* Example_iOS.app */ = {isa = PBXFileReference; includeInIndex = 0; lastKnownFileType = wrapper.application; path = Example_iOS.app; sourceTree = BUILT_PRODUCTS_DIR; };
		0E7BA3875E2226FE4A98BEB3 /* SceneDelegate.swift */ = {isa = PBXFileReference; lastKnownFileType = sourcecode.swift; path = SceneDelegate.swift; sourceTree = "<group>"; };
		1787FBBA770D9CAADC9BFBED /* Assets.xcassets */ = {isa = PBXFileReference; lastKnownFileType = folder.assetcatalog; path = Assets.xcassets; sourceTree = "<group>"; };
		31B33116E6DCAEC6570ECA82 /* Info.plist */ = {isa = PBXFileReference; lastKnownFileType = text.plist.xml; path = Info.plist; sourceTree = "<group>"; };
		40B37EFE102C7C45C8C99664 /* Base */ = {isa = PBXFileReference; lastKnownFileType = file.storyboard; name = Base; path = Base.lproj/Main.storyboard; sourceTree = "<group>"; };
		452D422C83C1C2C130CBD5DA /* AppDelegate.swift */ = {isa = PBXFileReference; lastKnownFileType = sourcecode.swift; path = AppDelegate.swift; sourceTree = "<group>"; };
		4A8B10F869947A97BBB58CDC /* AppDelegate.swift */ = {isa = PBXFileReference; lastKnownFileType = sourcecode.swift; path = AppDelegate.swift; sourceTree = "<group>"; };
		4C5E3D9A6CC954B3F2F0E0A2 /* KeyboarInputDetector_bundle.bundle */ = {isa = PBXFileReference; explicitFileType = "wrapper.plug-in"; includeInIndex = 0; path = KeyboarInputDetector_bundle.bundle; sourceTree = BUILT_PRODUCTS_DIR; };
		612B014A74DBE0FBABF9E69C /* Example_macOS.entitlements */ = {isa = PBXFileReference; lastKnownFileType = text.plist.entitlements; path = Example_macOS.entitlements; sourceTree = "<group>"; };
		658718E7114F0EB451EA6A72 /* KeyboarInputDetector.swift */ = {isa = PBXFileReference; lastKnownFileType = sourcecode.swift; path = KeyboarInputDetector.swift; sourceTree = "<group>"; };
		673FA29D8AF79627F55A93CB /* KeyboarInputDetectorViewController.swift */ = {isa = PBXFileReference; lastKnownFileType = sourcecode.swift; path = KeyboarInputDetectorViewController.swift; sourceTree = "<group>"; };
		713645BD556CCF3BE3E4425E /* ViewController.swift */ = {isa = PBXFileReference; lastKnownFileType = sourcecode.swift; path = ViewController.swift; sourceTree = "<group>"; };
		75C577C173CAD5D3750382AC /* macOS.template.xcconfig */ = {isa = PBXFileReference; lastKnownFileType = text.xcconfig; path = macOS.template.xcconfig; sourceTree = "<group>"; };
		8B6E0DAA130A589D2D9BE9C4 /* macOS.xcconfig */ = {isa = PBXFileReference; lastKnownFileType = text.xcconfig; path = macOS.xcconfig; sourceTree = "<group>"; };
		8E7E0CC82E39E73F50DB4565 /* NativePlugin.h */ = {isa = PBXFileReference; lastKnownFileType = sourcecode.c.h; path = NativePlugin.h; sourceTree = "<group>"; };
		90150590EA426B41F1DE7979 /* AddOne.swift */ = {isa = PBXFileReference; lastKnownFileType = sourcecode.swift; path = AddOne.swift; sourceTree = "<group>"; };
		9BAD2738BE43C7C8AE3BE601 /* KeyboarInputDetector.framework */ = {isa = PBXFileReference; explicitFileType = wrapper.framework; includeInIndex = 0; path = KeyboarInputDetector.framework; sourceTree = BUILT_PRODUCTS_DIR; };
		A87B1D49576DA1A5BBC80427 /* Example_macOS.app */ = {isa = PBXFileReference; explicitFileType = wrapper.application; includeInIndex = 0; path = Example_macOS.app; sourceTree = BUILT_PRODUCTS_DIR; };
		B1078353A3D576D1B46EF46A /* Info.plist */ = {isa = PBXFileReference; lastKnownFileType = text.plist.xml; path = Info.plist; sourceTree = "<group>"; };
		B2B42242E10CDA1802FB2507 /* Example_iOS-Bridging-Header.h */ = {isa = PBXFileReference; lastKnownFileType = sourcecode.c.h; path = "Example_iOS-Bridging-Header.h"; sourceTree = "<group>"; };
		BB95E3736E100823F05C16B7 /* Info.plist */ = {isa = PBXFileReference; lastKnownFileType = text.plist.xml; path = Info.plist; sourceTree = "<group>"; };
		C05A5EA40822638374D17335 /* Info.plist */ = {isa = PBXFileReference; lastKnownFileType = text.plist.xml; path = Info.plist; sourceTree = "<group>"; };
		C0DD337F271F93117D5A78F7 /* iOS.xcconfig */ = {isa = PBXFileReference; lastKnownFileType = text.xcconfig; path = iOS.xcconfig; sourceTree = "<group>"; };
		C590B689678DF0EDC4A137FD /* Info.plist */ = {isa = PBXFileReference; lastKnownFileType = text.plist.xml; path = Info.plist; sourceTree = "<group>"; };
		CDD20672DF758D6D53A10152 /* Base */ = {isa = PBXFileReference; lastKnownFileType = file.storyboard; name = Base; path = Base.lproj/Main.storyboard; sourceTree = "<group>"; };
		D34484E8E6A6E49FB792D519 /* Base */ = {isa = PBXFileReference; lastKnownFileType = file.storyboard; name = Base; path = Base.lproj/LaunchScreen.storyboard; sourceTree = "<group>"; };
		D8BC21ABE75EA3D4F14FD211 /* KeyboarInputDetector_macOS.framework */ = {isa = PBXFileReference; explicitFileType = wrapper.framework; includeInIndex = 0; path = KeyboarInputDetector_macOS.framework; sourceTree = BUILT_PRODUCTS_DIR; };
		E72EDF2C7E6DBC78BC330D28 /* ViewController.swift */ = {isa = PBXFileReference; lastKnownFileType = sourcecode.swift; path = ViewController.swift; sourceTree = "<group>"; };
		E8D459CAF4AED9847B2C51E2 /* PrefixHeader.pch */ = {isa = PBXFileReference; lastKnownFileType = sourcecode.c.h; path = PrefixHeader.pch; sourceTree = "<group>"; };
		EF15F6390D8A147AD352CA1E /* Example_macOS-Bridging-Header.h */ = {isa = PBXFileReference; lastKnownFileType = sourcecode.c.h; path = "Example_macOS-Bridging-Header.h"; sourceTree = "<group>"; };
		F4578EDD730FBD8A74D5E6D4 /* macOS.xcconfig */ = {isa = PBXFileReference; lastKnownFileType = text.xcconfig; path = macOS.xcconfig; sourceTree = "<group>"; };
		F77447C0745D6CBF2F3CF1D9 /* NativePlugin.mm */ = {isa = PBXFileReference; lastKnownFileType = sourcecode.cpp.objcpp; path = NativePlugin.mm; sourceTree = "<group>"; };
		FF07912FE63E5E3976093BCF /* project.xcconfig */ = {isa = PBXFileReference; lastKnownFileType = text.xcconfig; path = project.xcconfig; sourceTree = "<group>"; };
/* End PBXFileReference section */

/* Begin PBXFrameworksBuildPhase section */
		D8468DB1EFF8C71EFDF1FDE3 /* Frameworks */ = {
			isa = PBXFrameworksBuildPhase;
			buildActionMask = 2147483647;
			files = (
				30D30B62C4A7027AFFB2F0AA /* KeyboarInputDetector.framework in Frameworks */,
			);
			runOnlyForDeploymentPostprocessing = 0;
		};
		FCE3FA8C3858EB6A05FE2E53 /* Frameworks */ = {
			isa = PBXFrameworksBuildPhase;
			buildActionMask = 2147483647;
			files = (
				D8559B406830F1C18D91AF03 /* KeyboarInputDetector_macOS.framework in Frameworks */,
			);
			runOnlyForDeploymentPostprocessing = 0;
		};
/* End PBXFrameworksBuildPhase section */

/* Begin PBXGroup section */
		04FD4CC4B5ED40D10D695D81 = {
			isa = PBXGroup;
			children = (
				B7053FA7706FB72CCDC88CD3 /* Example */,
				245F52F86F5A9A024C921118 /* Library */,
				4CE6FF7B04EE5F42C298467C /* Products */,
			);
			sourceTree = "<group>";
		};
		0947A38997367694DEB865FF /* Framework */ = {
			isa = PBXGroup;
			children = (
				BB95E3736E100823F05C16B7 /* Info.plist */,
				8B6E0DAA130A589D2D9BE9C4 /* macOS.xcconfig */,
			);
			name = Framework;
			path = Framework;
			sourceTree = "<group>";
		};
		108CA574059ED76533B1A9F6 /* Platforms */ = {
			isa = PBXGroup;
			children = (
				1371B3CA190A0A5D9916A0B9 /* iOS */,
				787286D11AC4B6B83D897C0F /* macOS */,
			);
			path = Platforms;
			sourceTree = "<group>";
		};
		1371B3CA190A0A5D9916A0B9 /* iOS */ = {
			isa = PBXGroup;
			children = (
				C05A5EA40822638374D17335 /* Info.plist */,
				C0DD337F271F93117D5A78F7 /* iOS.xcconfig */,
			);
			name = iOS;
			path = iOS;
			sourceTree = "<group>";
		};
		1DD2727C4D679520F38CDE0F /* Sources */ = {
			isa = PBXGroup;
			children = (
				90150590EA426B41F1DE7979 /* AddOne.swift */,
				658718E7114F0EB451EA6A72 /* KeyboarInputDetector.swift */,
				673FA29D8AF79627F55A93CB /* KeyboarInputDetectorViewController.swift */,
				8E7E0CC82E39E73F50DB4565 /* NativePlugin.h */,
				F77447C0745D6CBF2F3CF1D9 /* NativePlugin.mm */,
			);
			name = Sources;
			path = Sources;
			sourceTree = "<group>";
		};
		245F52F86F5A9A024C921118 /* Library */ = {
			isa = PBXGroup;
			children = (
				FF07912FE63E5E3976093BCF /* project.xcconfig */,
				108CA574059ED76533B1A9F6 /* Platforms */,
				1DD2727C4D679520F38CDE0F /* Sources */,
			);
			path = Library;
			sourceTree = "<group>";
		};
		4CE6FF7B04EE5F42C298467C /* Products */ = {
			isa = PBXGroup;
			children = (
				067A19D1C1D12209980A736B /* Example_iOS.app */,
				A87B1D49576DA1A5BBC80427 /* Example_macOS.app */,
				4C5E3D9A6CC954B3F2F0E0A2 /* KeyboarInputDetector_bundle.bundle */,
				D8BC21ABE75EA3D4F14FD211 /* KeyboarInputDetector_macOS.framework */,
				9BAD2738BE43C7C8AE3BE601 /* KeyboarInputDetector.framework */,
			);
			name = Products;
			sourceTree = "<group>";
		};
		787286D11AC4B6B83D897C0F /* macOS */ = {
			isa = PBXGroup;
			children = (
				EA7CAED867B896DA3D6A7CCE /* Bundle */,
				0947A38997367694DEB865FF /* Framework */,
			);
			path = macOS;
			sourceTree = "<group>";
		};
		AB8207BDCEB8A26924EA1C5B /* iOS */ = {
			isa = PBXGroup;
			children = (
				4A8B10F869947A97BBB58CDC /* AppDelegate.swift */,
				1787FBBA770D9CAADC9BFBED /* Assets.xcassets */,
				B2B42242E10CDA1802FB2507 /* Example_iOS-Bridging-Header.h */,
				B1078353A3D576D1B46EF46A /* Info.plist */,
				81A66820E70005BCCC9E8E4C /* LaunchScreen.storyboard */,
				E81BDE0CE490A3D589B9D173 /* Main.storyboard */,
				0E7BA3875E2226FE4A98BEB3 /* SceneDelegate.swift */,
				E72EDF2C7E6DBC78BC330D28 /* ViewController.swift */,
			);
			name = iOS;
			path = iOS;
			sourceTree = "<group>";
		};
		B7053FA7706FB72CCDC88CD3 /* Example */ = {
			isa = PBXGroup;
			children = (
				AB8207BDCEB8A26924EA1C5B /* iOS */,
				FC5DE6B3EF65FBF3DA773C32 /* macOS */,
			);
			path = Example;
			sourceTree = "<group>";
		};
		EA7CAED867B896DA3D6A7CCE /* Bundle */ = {
			isa = PBXGroup;
			children = (
				31B33116E6DCAEC6570ECA82 /* Info.plist */,
				75C577C173CAD5D3750382AC /* macOS.template.xcconfig */,
				F4578EDD730FBD8A74D5E6D4 /* macOS.xcconfig */,
				E8D459CAF4AED9847B2C51E2 /* PrefixHeader.pch */,
			);
			name = Bundle;
			path = Bundle;
			sourceTree = "<group>";
		};
		FC5DE6B3EF65FBF3DA773C32 /* macOS */ = {
			isa = PBXGroup;
			children = (
				452D422C83C1C2C130CBD5DA /* AppDelegate.swift */,
				021DCA435D110D2B788F8FB5 /* Assets.xcassets */,
				EF15F6390D8A147AD352CA1E /* Example_macOS-Bridging-Header.h */,
				612B014A74DBE0FBABF9E69C /* Example_macOS.entitlements */,
				C590B689678DF0EDC4A137FD /* Info.plist */,
				A565CB139136D9C47027549C /* Main.storyboard */,
				713645BD556CCF3BE3E4425E /* ViewController.swift */,
			);
			name = macOS;
			path = macOS;
			sourceTree = "<group>";
		};
/* End PBXGroup section */

/* Begin PBXHeadersBuildPhase section */
		3FDAFD1463BB0CDE2F4393FB /* Headers */ = {
			isa = PBXHeadersBuildPhase;
			buildActionMask = 2147483647;
			files = (
				85FEF58612DD1D66B0C6A6FD /* NativePlugin.h in Headers */,
			);
			runOnlyForDeploymentPostprocessing = 0;
		};
		E60420360E89BF4B968BB16C /* Headers */ = {
			isa = PBXHeadersBuildPhase;
			buildActionMask = 2147483647;
			files = (
				24BB67E70BE28C67596F49C5 /* NativePlugin.h in Headers */,
			);
			runOnlyForDeploymentPostprocessing = 0;
		};
/* End PBXHeadersBuildPhase section */

/* Begin PBXNativeTarget section */
		556BA2FADBC70F3F414B13E6 /* KeyboarInputDetector_macOS */ = {
			isa = PBXNativeTarget;
			buildConfigurationList = E8F3D430A7CBBC95F24A8E65 /* Build configuration list for PBXNativeTarget "KeyboarInputDetector_macOS" */;
			buildPhases = (
				E60420360E89BF4B968BB16C /* Headers */,
				3077C6478BDF4D5188A92B03 /* Sources */,
			);
			buildRules = (
			);
			dependencies = (
			);
			name = KeyboarInputDetector_macOS;
			productName = KeyboarInputDetector_macOS;
			productReference = D8BC21ABE75EA3D4F14FD211 /* KeyboarInputDetector_macOS.framework */;
			productType = "com.apple.product-type.framework";
		};
		57C4CC7613DFB0AE3CB8F373 /* KeyboarInputDetector_bundle */ = {
			isa = PBXNativeTarget;
			buildConfigurationList = 06E4988C7832850B4E1CDF7F /* Build configuration list for PBXNativeTarget "KeyboarInputDetector_bundle" */;
			buildPhases = (
				6C97FA4EBCCEA7BD368B04A9 /* Sources */,
				59EAF9EDFF6BF03874BBF030 /* CopyBundle */,
			);
			buildRules = (
			);
			dependencies = (
			);
			name = KeyboarInputDetector_bundle;
			productName = KeyboarInputDetector_bundle;
			productReference = 4C5E3D9A6CC954B3F2F0E0A2 /* KeyboarInputDetector_bundle.bundle */;
			productType = "com.apple.product-type.bundle";
		};
		5BAE243E5CC73EB3CBDDC3AB /* Example_macOS */ = {
			isa = PBXNativeTarget;
			buildConfigurationList = 33ECF71DE7B8C4D86563D36F /* Build configuration list for PBXNativeTarget "Example_macOS" */;
			buildPhases = (
				8EE3E3F9897617E8E50E550D /* Sources */,
				D2F9A5F4F173072C779DF6E6 /* Resources */,
				FCE3FA8C3858EB6A05FE2E53 /* Frameworks */,
				677DA038FF622F652E831B5F /* Embed Frameworks */,
			);
			buildRules = (
			);
			dependencies = (
				892362AD88FC8D0CF6A8B04F /* PBXTargetDependency */,
			);
			name = Example_macOS;
			productName = Example_macOS;
			productReference = A87B1D49576DA1A5BBC80427 /* Example_macOS.app */;
			productType = "com.apple.product-type.application";
		};
		AC182FDBCC7C394780AE20B0 /* Example_iOS */ = {
			isa = PBXNativeTarget;
			buildConfigurationList = CB091C3CAD43A0A3D02EE26E /* Build configuration list for PBXNativeTarget "Example_iOS" */;
			buildPhases = (
				E207428777177672AB071E5A /* Sources */,
				35042A0B21A135B96FAB9350 /* Resources */,
				D8468DB1EFF8C71EFDF1FDE3 /* Frameworks */,
				698DAA22A2DA5D573F772B0A /* Embed Frameworks */,
			);
			buildRules = (
			);
			dependencies = (
				0CAB1BB6E3022E2EFEF1A869 /* PBXTargetDependency */,
			);
			name = Example_iOS;
			productName = Example_iOS;
			productReference = 067A19D1C1D12209980A736B /* Example_iOS.app */;
			productType = "com.apple.product-type.application";
		};
		E84BCD7E7D4524137F988DC0 /* KeyboarInputDetector */ = {
			isa = PBXNativeTarget;
			buildConfigurationList = 8F1FECE5CD536C0AA0A3EAAE /* Build configuration list for PBXNativeTarget "KeyboarInputDetector" */;
			buildPhases = (
				3FDAFD1463BB0CDE2F4393FB /* Headers */,
				C3A39D408401FFFA257EF4B1 /* Sources */,
				F605608EF422AEA6DC3DCF43 /* CopyFramework */,
			);
			buildRules = (
			);
			dependencies = (
			);
			name = KeyboarInputDetector;
			productName = KeyboarInputDetector;
			productReference = 9BAD2738BE43C7C8AE3BE601 /* KeyboarInputDetector.framework */;
			productType = "com.apple.product-type.framework";
		};
/* End PBXNativeTarget section */

/* Begin PBXProject section */
		764A7D3AABE619585451E2E7 /* Project object */ = {
			isa = PBXProject;
			attributes = {
				LastUpgradeCheck = 1020;
			};
			buildConfigurationList = 800F76CC77A53B0CFFFDC530 /* Build configuration list for PBXProject "KeyboarInputDetector" */;
			compatibilityVersion = "Xcode 10.0";
			developmentRegion = en;
			hasScannedForEncodings = 0;
			knownRegions = (
				Base,
			);
			mainGroup = 04FD4CC4B5ED40D10D695D81;
			projectDirPath = "";
			projectRoot = "";
			targets = (
				AC182FDBCC7C394780AE20B0 /* Example_iOS */,
				5BAE243E5CC73EB3CBDDC3AB /* Example_macOS */,
				E84BCD7E7D4524137F988DC0 /* KeyboarInputDetector */,
				57C4CC7613DFB0AE3CB8F373 /* KeyboarInputDetector_bundle */,
				556BA2FADBC70F3F414B13E6 /* KeyboarInputDetector_macOS */,
			);
		};
/* End PBXProject section */

/* Begin PBXResourcesBuildPhase section */
		35042A0B21A135B96FAB9350 /* Resources */ = {
			isa = PBXResourcesBuildPhase;
			buildActionMask = 2147483647;
			files = (
				66DE2E7CC9009E819E4AD223 /* Assets.xcassets in Resources */,
				566A8ECC14E9F90B856191E2 /* LaunchScreen.storyboard in Resources */,
				2A669BF3E638B30BDDF5781E /* Main.storyboard in Resources */,
			);
			runOnlyForDeploymentPostprocessing = 0;
		};
		D2F9A5F4F173072C779DF6E6 /* Resources */ = {
			isa = PBXResourcesBuildPhase;
			buildActionMask = 2147483647;
			files = (
				D92DBF748E258B4D45F81CB9 /* Assets.xcassets in Resources */,
				74B26A3AA3DDDF8415649C03 /* Main.storyboard in Resources */,
			);
			runOnlyForDeploymentPostprocessing = 0;
		};
/* End PBXResourcesBuildPhase section */

/* Begin PBXShellScriptBuildPhase section */
		59EAF9EDFF6BF03874BBF030 /* CopyBundle */ = {
			isa = PBXShellScriptBuildPhase;
			buildActionMask = 2147483647;
			files = (
			);
			inputFileListPaths = (
			);
			inputPaths = (
			);
			name = CopyBundle;
			outputFileListPaths = (
			);
			outputPaths = (
			);
			runOnlyForDeploymentPostprocessing = 0;
			shellPath = /bin/sh;
			shellScript = "rm -r ${OUTPUT_PATH}\nrm -r ${SCRIPTS_OUTPUT_PATH}\nmkdir -p ${OUTPUT_PATH}\nmkdir -p ${SCRIPTS_OUTPUT_PATH}\ncp -r ${TARGET_BUILD_DIR}/${PRODUCT_NAME}.bundle/. ${OUTPUT_PATH}/${PRODUCT_NAME}.bundle\ncd ${PROJECT_DIR}/Library/Platforms/macOS/Bundle/cs_maker\n./cs_maker ${PROJECT_NAME} ${TARGET_NAME} ${PRODUCT_NAME}\ncp ${PROJECT_DIR}/Library/Platforms/macOS/Bundle/${TARGET_NAME}.cs ${SCRIPTS_OUTPUT_PATH}/${TARGET_NAME}.cs\n";
		};
		F605608EF422AEA6DC3DCF43 /* CopyFramework */ = {
			isa = PBXShellScriptBuildPhase;
			buildActionMask = 2147483647;
			files = (
			);
			inputFileListPaths = (
			);
			inputPaths = (
			);
			name = CopyFramework;
			outputFileListPaths = (
			);
			outputPaths = (
			);
			runOnlyForDeploymentPostprocessing = 0;
			shellPath = /bin/sh;
			shellScript = "mkdir -p ${OUTPUT_PATH}\ncp -r ${TARGET_BUILD_DIR}/${TARGET_NAME}.framework/. ${OUTPUT_PATH}/${TARGET_NAME}.framework\ncp ${PROJECT_DIR}/Library/Platforms/iOS/template.framework.meta ${OUTPUT_PATH}/${TARGET_NAME}.meta\n";
		};
/* End PBXShellScriptBuildPhase section */

/* Begin PBXSourcesBuildPhase section */
		3077C6478BDF4D5188A92B03 /* Sources */ = {
			isa = PBXSourcesBuildPhase;
			buildActionMask = 2147483647;
			files = (
				2A9DE4A353E479A7D5DD80C2 /* AddOne.swift in Sources */,
				CD9FD5E5F66C2C83CB3F4F2B /* KeyboarInputDetector.swift in Sources */,
				69E1B21AFFFEAAADFBCEC55B /* KeyboarInputDetectorViewController.swift in Sources */,
				F8B0534342E8469F6BBF3285 /* NativePlugin.mm in Sources */,
			);
			runOnlyForDeploymentPostprocessing = 0;
		};
		6C97FA4EBCCEA7BD368B04A9 /* Sources */ = {
			isa = PBXSourcesBuildPhase;
			buildActionMask = 2147483647;
			files = (
				C86449214297850199BBCA30 /* AddOne.swift in Sources */,
				23E7B0A00E92733BA372BA41 /* KeyboarInputDetector.swift in Sources */,
				8CFE7FC4A33524549E963B30 /* KeyboarInputDetectorViewController.swift in Sources */,
				AFED9A51E8369018163582BF /* NativePlugin.mm in Sources */,
			);
			runOnlyForDeploymentPostprocessing = 0;
		};
		8EE3E3F9897617E8E50E550D /* Sources */ = {
			isa = PBXSourcesBuildPhase;
			buildActionMask = 2147483647;
			files = (
				99A77336A8214E78F4F8579C /* AppDelegate.swift in Sources */,
				DBA45604CD344B3E3271B2AA /* ViewController.swift in Sources */,
			);
			runOnlyForDeploymentPostprocessing = 0;
		};
		C3A39D408401FFFA257EF4B1 /* Sources */ = {
			isa = PBXSourcesBuildPhase;
			buildActionMask = 2147483647;
			files = (
				61963A41333BD5556126ADD1 /* AddOne.swift in Sources */,
				1E16235ED0E9053E39A196C0 /* KeyboarInputDetector.swift in Sources */,
				F7C922A5703595DA7F5D69F2 /* KeyboarInputDetectorViewController.swift in Sources */,
				BD00E9D667FBE6A1E63595BB /* NativePlugin.mm in Sources */,
			);
			runOnlyForDeploymentPostprocessing = 0;
		};
		E207428777177672AB071E5A /* Sources */ = {
			isa = PBXSourcesBuildPhase;
			buildActionMask = 2147483647;
			files = (
				B0B18DF581158E648FD36634 /* AppDelegate.swift in Sources */,
				DF052660AB32966135F9FDC9 /* SceneDelegate.swift in Sources */,
				80809A70EBDC77926EB476E0 /* ViewController.swift in Sources */,
			);
			runOnlyForDeploymentPostprocessing = 0;
		};
/* End PBXSourcesBuildPhase section */

/* Begin PBXTargetDependency section */
		0CAB1BB6E3022E2EFEF1A869 /* PBXTargetDependency */ = {
			isa = PBXTargetDependency;
			target = E84BCD7E7D4524137F988DC0 /* KeyboarInputDetector */;
			targetProxy = 8E80B46DA8C3F769EFEDF043 /* PBXContainerItemProxy */;
		};
		892362AD88FC8D0CF6A8B04F /* PBXTargetDependency */ = {
			isa = PBXTargetDependency;
			target = 556BA2FADBC70F3F414B13E6 /* KeyboarInputDetector_macOS */;
			targetProxy = F066464D2AFFCD747BE86240 /* PBXContainerItemProxy */;
		};
/* End PBXTargetDependency section */

/* Begin PBXVariantGroup section */
		81A66820E70005BCCC9E8E4C /* LaunchScreen.storyboard */ = {
			isa = PBXVariantGroup;
			children = (
				D34484E8E6A6E49FB792D519 /* Base */,
			);
			name = LaunchScreen.storyboard;
			sourceTree = "<group>";
		};
		A565CB139136D9C47027549C /* Main.storyboard */ = {
			isa = PBXVariantGroup;
			children = (
				CDD20672DF758D6D53A10152 /* Base */,
			);
			name = Main.storyboard;
			sourceTree = "<group>";
		};
		E81BDE0CE490A3D589B9D173 /* Main.storyboard */ = {
			isa = PBXVariantGroup;
			children = (
				40B37EFE102C7C45C8C99664 /* Base */,
			);
			name = Main.storyboard;
			sourceTree = "<group>";
		};
/* End PBXVariantGroup section */

/* Begin XCBuildConfiguration section */
		03877C55697B98839E2AB692 /* Debug */ = {
			isa = XCBuildConfiguration;
			buildSettings = {
				ASSETCATALOG_COMPILER_APPICON_NAME = AppIcon;
				CODE_SIGN_IDENTITY = "-";
				COMBINE_HIDPI_IMAGES = YES;
				GCC_PREPROCESSOR_DEFINITIONS = "$(inherited) FRAMEWORK_HEADER=<KeyboarInputDetector_macOS/NativePlugin.h>";
				INFOPLIST_FILE = Example/macOS/info.plist;
				LD_RUNPATH_SEARCH_PATHS = (
					"$(inherited)",
					"@executable_path/../Frameworks",
				);
				MACOSX_DEPLOYMENT_TARGET = 10.14;
				SDKROOT = macosx;
				SWIFT_OBJC_BRIDGING_HEADER = "${PROJECT_DIR}/Example/macOS/Example_macOS-Bridging-Header.h";
			};
			name = Debug;
		};
		07E701F1D89CE9A61E4E1061 /* Debug */ = {
			isa = XCBuildConfiguration;
			baseConfigurationReference = FF07912FE63E5E3976093BCF /* project.xcconfig */;
			buildSettings = {
				ALWAYS_SEARCH_USER_PATHS = NO;
				CLANG_ANALYZER_NONNULL = YES;
				CLANG_ANALYZER_NUMBER_OBJECT_CONVERSION = YES_AGGRESSIVE;
				CLANG_CXX_LANGUAGE_STANDARD = "gnu++14";
				CLANG_CXX_LIBRARY = "libc++";
				CLANG_ENABLE_MODULES = YES;
				CLANG_ENABLE_OBJC_ARC = YES;
				CLANG_WARN_BLOCK_CAPTURE_AUTORELEASING = YES;
				CLANG_WARN_BOOL_CONVERSION = YES;
				CLANG_WARN_COMMA = YES;
				CLANG_WARN_CONSTANT_CONVERSION = YES;
				CLANG_WARN_DEPRECATED_OBJC_IMPLEMENTATIONS = YES;
				CLANG_WARN_DIRECT_OBJC_ISA_USAGE = YES_ERROR;
				CLANG_WARN_DOCUMENTATION_COMMENTS = YES;
				CLANG_WARN_EMPTY_BODY = YES;
				CLANG_WARN_ENUM_CONVERSION = YES;
				CLANG_WARN_INFINITE_RECURSION = YES;
				CLANG_WARN_INT_CONVERSION = YES;
				CLANG_WARN_NON_LITERAL_NULL_CONVERSION = YES;
				CLANG_WARN_OBJC_IMPLICIT_RETAIN_SELF = YES;
				CLANG_WARN_OBJC_LITERAL_CONVERSION = YES;
				CLANG_WARN_OBJC_ROOT_CLASS = YES_ERROR;
				CLANG_WARN_RANGE_LOOP_ANALYSIS = YES;
				CLANG_WARN_STRICT_PROTOTYPES = YES;
				CLANG_WARN_SUSPICIOUS_MOVE = YES;
				CLANG_WARN_UNGUARDED_AVAILABILITY = YES_AGGRESSIVE;
				CLANG_WARN_UNREACHABLE_CODE = YES;
				CLANG_WARN__DUPLICATE_METHOD_MATCH = YES;
				COPY_PHASE_STRIP = NO;
				DEBUG_INFORMATION_FORMAT = dwarf;
				ENABLE_STRICT_OBJC_MSGSEND = YES;
				ENABLE_TESTABILITY = YES;
				GCC_C_LANGUAGE_STANDARD = gnu11;
				GCC_DYNAMIC_NO_PIC = NO;
				GCC_NO_COMMON_BLOCKS = YES;
				GCC_OPTIMIZATION_LEVEL = 0;
				GCC_PREPROCESSOR_DEFINITIONS = (
					"$(inherited)",
					"DEBUG=1",
				);
				GCC_WARN_64_TO_32_BIT_CONVERSION = YES;
				GCC_WARN_ABOUT_RETURN_TYPE = YES_ERROR;
				GCC_WARN_UNDECLARED_SELECTOR = YES;
				GCC_WARN_UNINITIALIZED_AUTOS = YES_AGGRESSIVE;
				GCC_WARN_UNUSED_FUNCTION = YES;
				GCC_WARN_UNUSED_VARIABLE = YES;
				MTL_ENABLE_DEBUG_INFO = YES;
				ONLY_ACTIVE_ARCH = YES;
				PRODUCT_NAME = "$(TARGET_NAME)";
				SWIFT_ACTIVE_COMPILATION_CONDITIONS = DEBUG;
				SWIFT_OPTIMIZATION_LEVEL = "-Onone";
				SWIFT_VERSION = 5.0;
			};
			name = Debug;
		};
		0B959F420C4323E653768617 /* Debug */ = {
			isa = XCBuildConfiguration;
			baseConfigurationReference = C0DD337F271F93117D5A78F7 /* iOS.xcconfig */;
			buildSettings = {
				CODE_SIGN_IDENTITY = "";
				CURRENT_PROJECT_VERSION = 1;
				DEFINES_MODULE = YES;
				DYLIB_COMPATIBILITY_VERSION = 1;
				DYLIB_CURRENT_VERSION = 1;
				DYLIB_INSTALL_NAME_BASE = "@rpath";
				INFOPLIST_FILE = Library/Platforms/iOS/info.plist;
				INSTALL_PATH = "$(LOCAL_LIBRARY_DIR)/Frameworks";
				IPHONEOS_DEPLOYMENT_TARGET = 12.0;
				LD_RUNPATH_SEARCH_PATHS = (
					"$(inherited)",
					"@executable_path/Frameworks",
				);
				PRODUCT_BUNDLE_IDENTIFIER = factory.fuziki.framework.ios;
				SDKROOT = iphoneos;
				SKIP_INSTALL = YES;
				SUPPORTED_PLATFORMS = iphoneos;
				SUPPORTS_MACCATALYST = NO;
				TARGETED_DEVICE_FAMILY = "1,2";
				VERSIONING_SYSTEM = "apple-generic";
			};
			name = Debug;
		};
		0DD591380274A514895BC4B2 /* Debug */ = {
			isa = XCBuildConfiguration;
			baseConfigurationReference = 8B6E0DAA130A589D2D9BE9C4 /* macOS.xcconfig */;
			buildSettings = {
				CODE_SIGN_IDENTITY = "";
				COMBINE_HIDPI_IMAGES = YES;
				CURRENT_PROJECT_VERSION = 1;
				DEFINES_MODULE = YES;
				DYLIB_COMPATIBILITY_VERSION = 1;
				DYLIB_CURRENT_VERSION = 1;
				DYLIB_INSTALL_NAME_BASE = "@rpath";
				INFOPLIST_FILE = Library/Platforms/macOS/Framework/info.plist;
				INSTALL_PATH = "$(LOCAL_LIBRARY_DIR)/Frameworks";
				LD_RUNPATH_SEARCH_PATHS = (
					"$(inherited)",
					"@executable_path/../Frameworks",
				);
				MACOSX_DEPLOYMENT_TARGET = 10.14;
				SDKROOT = macosx;
				SKIP_INSTALL = YES;
				VERSIONING_SYSTEM = "apple-generic";
			};
			name = Debug;
		};
		226330DA387E508D3C626DC7 /* Release */ = {
			isa = XCBuildConfiguration;
			buildSettings = {
				ASSETCATALOG_COMPILER_APPICON_NAME = AppIcon;
				CODE_SIGN_IDENTITY = "-";
				COMBINE_HIDPI_IMAGES = YES;
				GCC_PREPROCESSOR_DEFINITIONS = "$(inherited) FRAMEWORK_HEADER=<KeyboarInputDetector_macOS/NativePlugin.h>";
				INFOPLIST_FILE = Example/macOS/info.plist;
				LD_RUNPATH_SEARCH_PATHS = (
					"$(inherited)",
					"@executable_path/../Frameworks",
				);
				MACOSX_DEPLOYMENT_TARGET = 10.14;
				SDKROOT = macosx;
				SWIFT_OBJC_BRIDGING_HEADER = "${PROJECT_DIR}/Example/macOS/Example_macOS-Bridging-Header.h";
			};
			name = Release;
		};
		320309C28B591FDD5C477D12 /* Release */ = {
			isa = XCBuildConfiguration;
			baseConfigurationReference = FF07912FE63E5E3976093BCF /* project.xcconfig */;
			buildSettings = {
				ALWAYS_SEARCH_USER_PATHS = NO;
				CLANG_ANALYZER_NONNULL = YES;
				CLANG_ANALYZER_NUMBER_OBJECT_CONVERSION = YES_AGGRESSIVE;
				CLANG_CXX_LANGUAGE_STANDARD = "gnu++14";
				CLANG_CXX_LIBRARY = "libc++";
				CLANG_ENABLE_MODULES = YES;
				CLANG_ENABLE_OBJC_ARC = YES;
				CLANG_WARN_BLOCK_CAPTURE_AUTORELEASING = YES;
				CLANG_WARN_BOOL_CONVERSION = YES;
				CLANG_WARN_COMMA = YES;
				CLANG_WARN_CONSTANT_CONVERSION = YES;
				CLANG_WARN_DEPRECATED_OBJC_IMPLEMENTATIONS = YES;
				CLANG_WARN_DIRECT_OBJC_ISA_USAGE = YES_ERROR;
				CLANG_WARN_DOCUMENTATION_COMMENTS = YES;
				CLANG_WARN_EMPTY_BODY = YES;
				CLANG_WARN_ENUM_CONVERSION = YES;
				CLANG_WARN_INFINITE_RECURSION = YES;
				CLANG_WARN_INT_CONVERSION = YES;
				CLANG_WARN_NON_LITERAL_NULL_CONVERSION = YES;
				CLANG_WARN_OBJC_IMPLICIT_RETAIN_SELF = YES;
				CLANG_WARN_OBJC_LITERAL_CONVERSION = YES;
				CLANG_WARN_OBJC_ROOT_CLASS = YES_ERROR;
				CLANG_WARN_RANGE_LOOP_ANALYSIS = YES;
				CLANG_WARN_STRICT_PROTOTYPES = YES;
				CLANG_WARN_SUSPICIOUS_MOVE = YES;
				CLANG_WARN_UNGUARDED_AVAILABILITY = YES_AGGRESSIVE;
				CLANG_WARN_UNREACHABLE_CODE = YES;
				CLANG_WARN__DUPLICATE_METHOD_MATCH = YES;
				COPY_PHASE_STRIP = NO;
				DEBUG_INFORMATION_FORMAT = "dwarf-with-dsym";
				ENABLE_NS_ASSERTIONS = NO;
				ENABLE_STRICT_OBJC_MSGSEND = YES;
				GCC_C_LANGUAGE_STANDARD = gnu11;
				GCC_NO_COMMON_BLOCKS = YES;
				GCC_WARN_64_TO_32_BIT_CONVERSION = YES;
				GCC_WARN_ABOUT_RETURN_TYPE = YES_ERROR;
				GCC_WARN_UNDECLARED_SELECTOR = YES;
				GCC_WARN_UNINITIALIZED_AUTOS = YES_AGGRESSIVE;
				GCC_WARN_UNUSED_FUNCTION = YES;
				GCC_WARN_UNUSED_VARIABLE = YES;
				PRODUCT_NAME = "$(TARGET_NAME)";
				SWIFT_COMPILATION_MODE = wholemodule;
				SWIFT_VERSION = 5.0;
				VALIDATE_PRODUCT = YES;
			};
			name = Release;
		};
		338E2B65D122751E31F45A7D /* Release */ = {
			isa = XCBuildConfiguration;
			baseConfigurationReference = F4578EDD730FBD8A74D5E6D4 /* macOS.xcconfig */;
			buildSettings = {
				COMBINE_HIDPI_IMAGES = YES;
				INFOPLIST_FILE = Library/Platforms/macOS/Bundle/info.plist;
				LD_RUNPATH_SEARCH_PATHS = (
					"$(inherited)",
					"@executable_path/../Frameworks",
				);
				MACOSX_DEPLOYMENT_TARGET = 10.14;
				PRODUCT_NAME = "$(OUTPUT_UNIQUE_NAME)";
				SDKROOT = macosx;
			};
			name = Release;
		};
		39D9EB94EFEC6D7A3DF944CA /* Debug */ = {
			isa = XCBuildConfiguration;
			buildSettings = {
				ASSETCATALOG_COMPILER_APPICON_NAME = AppIcon;
				CODE_SIGN_IDENTITY = "iPhone Developer";
				GCC_PREPROCESSOR_DEFINITIONS = "$(inherited) FRAMEWORK_HEADER=<KeyboarInputDetector/NativePlugin.h>";
				INFOPLIST_FILE = Example/iOS/info.plist;
				IPHONEOS_DEPLOYMENT_TARGET = 13.0;
				LD_RUNPATH_SEARCH_PATHS = (
					"$(inherited)",
					"@executable_path/Frameworks",
				);
				PRODUCT_BUNDLE_IDENTIFIER = factory.fuziki.example;
				SDKROOT = iphoneos;
				SWIFT_OBJC_BRIDGING_HEADER = "${PROJECT_DIR}/Example/iOS/Example_iOS-Bridging-Header.h";
				TARGETED_DEVICE_FAMILY = "1,2";
			};
			name = Debug;
		};
		5F46BC0B4317851CFFF3BFE4 /* Release */ = {
			isa = XCBuildConfiguration;
			baseConfigurationReference = C0DD337F271F93117D5A78F7 /* iOS.xcconfig */;
			buildSettings = {
				CODE_SIGN_IDENTITY = "";
				CURRENT_PROJECT_VERSION = 1;
				DEFINES_MODULE = YES;
				DYLIB_COMPATIBILITY_VERSION = 1;
				DYLIB_CURRENT_VERSION = 1;
				DYLIB_INSTALL_NAME_BASE = "@rpath";
				INFOPLIST_FILE = Library/Platforms/iOS/info.plist;
				INSTALL_PATH = "$(LOCAL_LIBRARY_DIR)/Frameworks";
				IPHONEOS_DEPLOYMENT_TARGET = 12.0;
				LD_RUNPATH_SEARCH_PATHS = (
					"$(inherited)",
					"@executable_path/Frameworks",
				);
				PRODUCT_BUNDLE_IDENTIFIER = factory.fuziki.framework.ios;
				SDKROOT = iphoneos;
				SKIP_INSTALL = YES;
				SUPPORTED_PLATFORMS = iphoneos;
				SUPPORTS_MACCATALYST = NO;
				TARGETED_DEVICE_FAMILY = "1,2";
				VERSIONING_SYSTEM = "apple-generic";
			};
			name = Release;
		};
		7DCBE874E1178A0F76B5EDA7 /* Release */ = {
			isa = XCBuildConfiguration;
			buildSettings = {
				ASSETCATALOG_COMPILER_APPICON_NAME = AppIcon;
				CODE_SIGN_IDENTITY = "iPhone Developer";
				GCC_PREPROCESSOR_DEFINITIONS = "$(inherited) FRAMEWORK_HEADER=<KeyboarInputDetector/NativePlugin.h>";
				INFOPLIST_FILE = Example/iOS/info.plist;
				IPHONEOS_DEPLOYMENT_TARGET = 13.0;
				LD_RUNPATH_SEARCH_PATHS = (
					"$(inherited)",
					"@executable_path/Frameworks",
				);
				PRODUCT_BUNDLE_IDENTIFIER = factory.fuziki.example;
				SDKROOT = iphoneos;
				SWIFT_OBJC_BRIDGING_HEADER = "${PROJECT_DIR}/Example/iOS/Example_iOS-Bridging-Header.h";
				TARGETED_DEVICE_FAMILY = "1,2";
			};
			name = Release;
		};
		C3AAB9816C78768BCB78A976 /* Debug */ = {
			isa = XCBuildConfiguration;
			baseConfigurationReference = F4578EDD730FBD8A74D5E6D4 /* macOS.xcconfig */;
			buildSettings = {
				COMBINE_HIDPI_IMAGES = YES;
				INFOPLIST_FILE = Library/Platforms/macOS/Bundle/info.plist;
				LD_RUNPATH_SEARCH_PATHS = (
					"$(inherited)",
					"@executable_path/../Frameworks",
				);
				MACOSX_DEPLOYMENT_TARGET = 10.14;
				PRODUCT_NAME = "$(OUTPUT_UNIQUE_NAME)";
				SDKROOT = macosx;
			};
			name = Debug;
		};
		D31EA9C580B9661B6E13422A /* Release */ = {
			isa = XCBuildConfiguration;
			baseConfigurationReference = 8B6E0DAA130A589D2D9BE9C4 /* macOS.xcconfig */;
			buildSettings = {
				CODE_SIGN_IDENTITY = "";
				COMBINE_HIDPI_IMAGES = YES;
				CURRENT_PROJECT_VERSION = 1;
				DEFINES_MODULE = YES;
				DYLIB_COMPATIBILITY_VERSION = 1;
				DYLIB_CURRENT_VERSION = 1;
				DYLIB_INSTALL_NAME_BASE = "@rpath";
				INFOPLIST_FILE = Library/Platforms/macOS/Framework/info.plist;
				INSTALL_PATH = "$(LOCAL_LIBRARY_DIR)/Frameworks";
				LD_RUNPATH_SEARCH_PATHS = (
					"$(inherited)",
					"@executable_path/../Frameworks",
				);
				MACOSX_DEPLOYMENT_TARGET = 10.14;
				SDKROOT = macosx;
				SKIP_INSTALL = YES;
				VERSIONING_SYSTEM = "apple-generic";
			};
			name = Release;
		};
/* End XCBuildConfiguration section */

/* Begin XCConfigurationList section */
		06E4988C7832850B4E1CDF7F /* Build configuration list for PBXNativeTarget "KeyboarInputDetector_bundle" */ = {
			isa = XCConfigurationList;
			buildConfigurations = (
				C3AAB9816C78768BCB78A976 /* Debug */,
				338E2B65D122751E31F45A7D /* Release */,
			);
			defaultConfigurationIsVisible = 0;
			defaultConfigurationName = "";
		};
		33ECF71DE7B8C4D86563D36F /* Build configuration list for PBXNativeTarget "Example_macOS" */ = {
			isa = XCConfigurationList;
			buildConfigurations = (
				03877C55697B98839E2AB692 /* Debug */,
				226330DA387E508D3C626DC7 /* Release */,
			);
			defaultConfigurationIsVisible = 0;
			defaultConfigurationName = "";
		};
		800F76CC77A53B0CFFFDC530 /* Build configuration list for PBXProject "KeyboarInputDetector" */ = {
			isa = XCConfigurationList;
			buildConfigurations = (
				07E701F1D89CE9A61E4E1061 /* Debug */,
				320309C28B591FDD5C477D12 /* Release */,
			);
			defaultConfigurationIsVisible = 0;
			defaultConfigurationName = Debug;
		};
		8F1FECE5CD536C0AA0A3EAAE /* Build configuration list for PBXNativeTarget "KeyboarInputDetector" */ = {
			isa = XCConfigurationList;
			buildConfigurations = (
				0B959F420C4323E653768617 /* Debug */,
				5F46BC0B4317851CFFF3BFE4 /* Release */,
			);
			defaultConfigurationIsVisible = 0;
			defaultConfigurationName = "";
		};
		CB091C3CAD43A0A3D02EE26E /* Build configuration list for PBXNativeTarget "Example_iOS" */ = {
			isa = XCConfigurationList;
			buildConfigurations = (
				39D9EB94EFEC6D7A3DF944CA /* Debug */,
				7DCBE874E1178A0F76B5EDA7 /* Release */,
			);
			defaultConfigurationIsVisible = 0;
			defaultConfigurationName = "";
		};
		E8F3D430A7CBBC95F24A8E65 /* Build configuration list for PBXNativeTarget "KeyboarInputDetector_macOS" */ = {
			isa = XCConfigurationList;
			buildConfigurations = (
				0DD591380274A514895BC4B2 /* Debug */,
				D31EA9C580B9661B6E13422A /* Release */,
			);
			defaultConfigurationIsVisible = 0;
			defaultConfigurationName = "";
		};
/* End XCConfigurationList section */
	};
	rootObject = 764A7D3AABE619585451E2E7 /* Project object */;
}
